
Microsoft Visual Studio Solution File, Format Version 12.00
# Visual Studio Version 17
VisualStudioVersion = 17.5.33516.290
MinimumVisualStudioVersion = 10.0.40219.1
Project("{9A19103F-16F7-4668-BE54-9A1E7A4F7556}") = "MVCProject", "MVCProject.csproj", "{C2241C26-32B4-4DEA-917E-473529AB0203}"
EndProject
Project("{FAE04EC0-301F-11D3-BF4B-00C04F79EFBC}") = "MVCTesting", "..\MVCTesting\MVCTesting.csproj", "{97BBEC19-B1CB-44FC-8C36-0AD5707269D1}"
EndProject
Project("{2150E333-8FDC-42A3-9474-1A3956D46DE8}") = "Solution Items", "Solution Items", "{26A59F56-4AED-44B8-AA77-789E6129EED0}"
	ProjectSection(SolutionItems) = preProject
		.editorconfig = .editorconfig
	EndProjectSection
EndProject
Global
	GlobalSection(SolutionConfigurationPlatforms) = preSolution
		Debug|Any CPU = Debug|Any CPU
		Release|Any CPU = Release|Any CPU
	EndGlobalSection
	GlobalSection(ProjectConfigurationPlatforms) = postSolution
		{C2241C26-32B4-4DEA-917E-473529AB0203}.Debug|Any CPU.ActiveCfg = Debug|Any CPU
		{C2241C26-32B4-4DEA-917E-473529AB0203}.Debug|Any CPU.Build.0 = Debug|Any CPU
		{C2241C26-32B4-4DEA-917E-473529AB0203}.Release|Any CPU.ActiveCfg = Release|Any CPU
		{C2241C26-32B4-4DEA-917E-473529AB0203}.Release|Any CPU.Build.0 = Release|Any CPU
		{97BBEC19-B1CB-44FC-8C36-0AD5707269D1}.Debug|Any CPU.ActiveCfg = Debug|Any CPU
		{97BBEC19-B1CB-44FC-8C36-0AD5707269D1}.Debug|Any CPU.Build.0 = Debug|Any CPU
		{97BBEC19-B1CB-44FC-8C36-0AD5707269D1}.Release|Any CPU.ActiveCfg = Release|Any CPU
		{97BBEC19-B1CB-44FC-8C36-0AD5707269D1}.Release|Any CPU.Build.0 = Release|Any CPU
	EndGlobalSection
	GlobalSection(SolutionProperties) = preSolution
		HideSolutionNode = FALSE
	EndGlobalSection
	GlobalSection(ExtensibilityGlobals) = postSolution
		SolutionGuid = {630BBA73-9A3F-407D-A54F-AE67E6690847}
	EndGlobalSection
EndGlobal
